
Microsoft Visual Studio Solution File, Format Version 12.00
# Visual Studio 15
VisualStudioVersion = 15.0.26430.6
MinimumVisualStudioVersion = 10.0.40219.1
Project("{FAE04EC0-301F-11D3-BF4B-00C04F79EFBC}") = "Nancy.Metadata.OpenApi", "Nancy.Metadata.OpenApi\Nancy.Metadata.OpenApi.csproj", "{5D00A219-9F98-498E-8A3F-F06449E3E864}"
EndProject
Project("{FAE04EC0-301F-11D3-BF4B-00C04F79EFBC}") = "Nancy.Metadata.OpenApi.DemoApplication", "Nancy.Metadata.OpenApi.DemoApplication\Nancy.Metadata.OpenApi.DemoApplication.csproj", "{2F0A9588-2611-421B-AECE-9C1EE0CC4885}"
EndProject
Global
	GlobalSection(SolutionConfigurationPlatforms) = preSolution
		Debug|Any CPU = Debug|Any CPU
		Release|Any CPU = Release|Any CPU
	EndGlobalSection
	GlobalSection(ProjectConfigurationPlatforms) = postSolution
		{5D00A219-9F98-498E-8A3F-F06449E3E864}.Debug|Any CPU.ActiveCfg = Debug|Any CPU
		{5D00A219-9F98-498E-8A3F-F06449E3E864}.Debug|Any CPU.Build.0 = Debug|Any CPU
		{5D00A219-9F98-498E-8A3F-F06449E3E864}.Release|Any CPU.ActiveCfg = Release|Any CPU
		{5D00A219-9F98-498E-8A3F-F06449E3E864}.Release|Any CPU.Build.0 = Release|Any CPU
		{2F0A9588-2611-421B-AECE-9C1EE0CC4885}.Debug|Any CPU.ActiveCfg = Debug|Any CPU
		{2F0A9588-2611-421B-AECE-9C1EE0CC4885}.Debug|Any CPU.Build.0 = Debug|Any CPU
		{2F0A9588-2611-421B-AECE-9C1EE0CC4885}.Release|Any CPU.ActiveCfg = Release|Any CPU
		{2F0A9588-2611-421B-AECE-9C1EE0CC4885}.Release|Any CPU.Build.0 = Release|Any CPU
	EndGlobalSection
	GlobalSection(SolutionProperties) = preSolution
		HideSolutionNode = FALSE
	EndGlobalSection
EndGlobal
