
Microsoft Visual Studio Solution File, Format Version 12.00
# Visual Studio 15
VisualStudioVersion = 15.0.27130.2036
MinimumVisualStudioVersion = 10.0.40219.1
Project("{9A19103F-16F7-4668-BE54-9A1E7A4F7556}") = "Nancy.Metadata.OpenApi", "src\Nancy.Metadata.OpenApi.csproj", "{5D00A219-9F98-498E-8A3F-F06449E3E864}"
EndProject
Project("{9A19103F-16F7-4668-BE54-9A1E7A4F7556}") = "Nancy.Metadata.OpenApi.DemoApplication", "samples\Nancy.Metadata.OpenApi.DemoApplication\Nancy.Metadata.OpenApi.DemoApplication.csproj", "{2F0A9588-2611-421B-AECE-9C1EE0CC4885}"
EndProject
Project("{2150E333-8FDC-42A3-9474-1A3956D46DE8}") = ".SolutionItems", ".SolutionItems", "{178C30E6-3F69-41B0-A1B9-B3D43F67871F}"
	ProjectSection(SolutionItems) = preProject
		.editorconfig = .editorconfig
		.gitignore = .gitignore
		appveyor.yml = appveyor.yml
		codecov.yml = codecov.yml
		LICENSE = LICENSE
		README.md = README.md
	EndProjectSection
EndProject
Project("{2150E333-8FDC-42A3-9474-1A3956D46DE8}") = ".github", ".github", "{97BBDED1-2E8D-44FE-BE27-9D42ED8E2E6C}"
	ProjectSection(SolutionItems) = preProject
		.github\CONTRIBUTING.md = .github\CONTRIBUTING.md
		.github\PULL_REQUEST_TEMPLATE.md = .github\PULL_REQUEST_TEMPLATE.md
	EndProjectSection
EndProject
Project("{9A19103F-16F7-4668-BE54-9A1E7A4F7556}") = "Nancy.Metadata.OpenApi.Tests", "tests\Nancy.Metadata.OpenApi.Tests.csproj", "{2208CC8E-3A44-4B16-BD1A-9C0D2A30F213}"
EndProject
Project("{2150E333-8FDC-42A3-9474-1A3956D46DE8}") = "src", "src", "{70236A43-926D-4051-93CD-384D59932752}"
EndProject
Project("{2150E333-8FDC-42A3-9474-1A3956D46DE8}") = "tests", "tests", "{683860E0-2FE8-495B-9382-DEE218444210}"
EndProject
Project("{2150E333-8FDC-42A3-9474-1A3956D46DE8}") = "samples", "samples", "{F263DB03-E191-4663-B0A0-A3436A58B483}"
EndProject
Project("{FAE04EC0-301F-11D3-BF4B-00C04F79EFBC}") = "Nancy.Metadata.OpenApi.DemoApplication.net45", "samples\Nancy.Metadata.OpenApi.DemoApplication.net45\Nancy.Metadata.OpenApi.DemoApplication.net45.csproj", "{A537003B-2A76-4A0D-8F08-7D66EC17E2F8}"
EndProject
Project("{2150E333-8FDC-42A3-9474-1A3956D46DE8}") = "ISSUE_TEMPLATE", "ISSUE_TEMPLATE", "{9373F2A7-E823-4BEC-A06C-F148841FC1ED}"
	ProjectSection(SolutionItems) = preProject
		.github\ISSUE_TEMPLATE\Bug_report.md = .github\ISSUE_TEMPLATE\Bug_report.md
		.github\ISSUE_TEMPLATE\Feature_request.md = .github\ISSUE_TEMPLATE\Feature_request.md
		.github\ISSUE_TEMPLATE\Support.md = .github\ISSUE_TEMPLATE\Support.md
	EndProjectSection
EndProject
Global
	GlobalSection(SolutionConfigurationPlatforms) = preSolution
		Debug|Any CPU = Debug|Any CPU
		Release|Any CPU = Release|Any CPU
	EndGlobalSection
	GlobalSection(ProjectConfigurationPlatforms) = postSolution
		{5D00A219-9F98-498E-8A3F-F06449E3E864}.Debug|Any CPU.ActiveCfg = Debug|Any CPU
		{5D00A219-9F98-498E-8A3F-F06449E3E864}.Debug|Any CPU.Build.0 = Debug|Any CPU
		{5D00A219-9F98-498E-8A3F-F06449E3E864}.Release|Any CPU.ActiveCfg = Release|Any CPU
		{5D00A219-9F98-498E-8A3F-F06449E3E864}.Release|Any CPU.Build.0 = Release|Any CPU
		{2F0A9588-2611-421B-AECE-9C1EE0CC4885}.Debug|Any CPU.ActiveCfg = Debug|Any CPU
		{2F0A9588-2611-421B-AECE-9C1EE0CC4885}.Debug|Any CPU.Build.0 = Debug|Any CPU
		{2F0A9588-2611-421B-AECE-9C1EE0CC4885}.Release|Any CPU.ActiveCfg = Release|Any CPU
		{2F0A9588-2611-421B-AECE-9C1EE0CC4885}.Release|Any CPU.Build.0 = Release|Any CPU
		{2208CC8E-3A44-4B16-BD1A-9C0D2A30F213}.Debug|Any CPU.ActiveCfg = Debug|Any CPU
		{2208CC8E-3A44-4B16-BD1A-9C0D2A30F213}.Debug|Any CPU.Build.0 = Debug|Any CPU
		{2208CC8E-3A44-4B16-BD1A-9C0D2A30F213}.Release|Any CPU.ActiveCfg = Release|Any CPU
		{2208CC8E-3A44-4B16-BD1A-9C0D2A30F213}.Release|Any CPU.Build.0 = Release|Any CPU
		{A537003B-2A76-4A0D-8F08-7D66EC17E2F8}.Debug|Any CPU.ActiveCfg = Debug|Any CPU
		{A537003B-2A76-4A0D-8F08-7D66EC17E2F8}.Debug|Any CPU.Build.0 = Debug|Any CPU
		{A537003B-2A76-4A0D-8F08-7D66EC17E2F8}.Release|Any CPU.ActiveCfg = Release|Any CPU
		{A537003B-2A76-4A0D-8F08-7D66EC17E2F8}.Release|Any CPU.Build.0 = Release|Any CPU
	EndGlobalSection
	GlobalSection(SolutionProperties) = preSolution
		HideSolutionNode = FALSE
	EndGlobalSection
	GlobalSection(NestedProjects) = preSolution
		{5D00A219-9F98-498E-8A3F-F06449E3E864} = {70236A43-926D-4051-93CD-384D59932752}
		{2F0A9588-2611-421B-AECE-9C1EE0CC4885} = {F263DB03-E191-4663-B0A0-A3436A58B483}
		{97BBDED1-2E8D-44FE-BE27-9D42ED8E2E6C} = {178C30E6-3F69-41B0-A1B9-B3D43F67871F}
		{2208CC8E-3A44-4B16-BD1A-9C0D2A30F213} = {683860E0-2FE8-495B-9382-DEE218444210}
		{A537003B-2A76-4A0D-8F08-7D66EC17E2F8} = {F263DB03-E191-4663-B0A0-A3436A58B483}
		{9373F2A7-E823-4BEC-A06C-F148841FC1ED} = {97BBDED1-2E8D-44FE-BE27-9D42ED8E2E6C}
	EndGlobalSection
	GlobalSection(ExtensibilityGlobals) = postSolution
		SolutionGuid = {F45BFF81-AF91-404F-A965-03B41882CAF0}
	EndGlobalSection
EndGlobal
